// !$*UTF8*$!
{
	archiveVersion = 1;
	classes = {
	};
	objectVersion = 46;
	objects = {

/* Begin PBXBuildFile section */
		A61F82601DB5D5C4003C3E48 /* Default-568h@2x.png in Resources */ = {isa = PBXBuildFile; fileRef = A61F825F1DB5D5C3003C3E48 /* Default-568h@2x.png */; };
		A61F826E1DB5D5D5003C3E48 /* GCDAsyncSocket.m in Sources */ = {isa = PBXBuildFile; fileRef = A61F82661DB5D5D5003C3E48 /* GCDAsyncSocket.m */; };
		A61F826F1DB5D5D5003C3E48 /* GCDAsyncUdpSocket.m in Sources */ = {isa = PBXBuildFile; fileRef = A61F82681DB5D5D5003C3E48 /* GCDAsyncUdpSocket.m */; };
		A61F82701DB5D5D5003C3E48 /* AsyncSocket.m in Sources */ = {isa = PBXBuildFile; fileRef = A61F826B1DB5D5D5003C3E48 /* AsyncSocket.m */; };
		A61F82711DB5D5D5003C3E48 /* AsyncUdpSocket.m in Sources */ = {isa = PBXBuildFile; fileRef = A61F826D1DB5D5D5003C3E48 /* AsyncUdpSocket.m */; };
		B2CAE5961D9E915B0014CE87 /* main.m in Sources */ = {isa = PBXBuildFile; fileRef = B2CAE5951D9E915B0014CE87 /* main.m */; };
		B2CAE5991D9E915B0014CE87 /* AppDelegate.m in Sources */ = {isa = PBXBuildFile; fileRef = B2CAE5981D9E915B0014CE87 /* AppDelegate.m */; };
		B2CAE59C1D9E915B0014CE87 /* ViewController.m in Sources */ = {isa = PBXBuildFile; fileRef = B2CAE59B1D9E915B0014CE87 /* ViewController.m */; };
		B2CAE59F1D9E915B0014CE87 /* Main.storyboard in Resources */ = {isa = PBXBuildFile; fileRef = B2CAE59D1D9E915B0014CE87 /* Main.storyboard */; };
		B2CAE5A11D9E915B0014CE87 /* Assets.xcassets in Resources */ = {isa = PBXBuildFile; fileRef = B2CAE5A01D9E915B0014CE87 /* Assets.xcassets */; };
		B2CAE5A41D9E915B0014CE87 /* LaunchScreen.storyboard in Resources */ = {isa = PBXBuildFile; fileRef = B2CAE5A21D9E915B0014CE87 /* LaunchScreen.storyboard */; };
		B2CAE5AF1D9E915B0014CE87 /* LoggerClientTests.m in Sources */ = {isa = PBXBuildFile; fileRef = B2CAE5AE1D9E915B0014CE87 /* LoggerClientTests.m */; };
		B2CAE5BA1D9E915B0014CE87 /* LoggerClientUITests.m in Sources */ = {isa = PBXBuildFile; fileRef = B2CAE5B91D9E915B0014CE87 /* LoggerClientUITests.m */; };
		B2CAE5CA1D9E92980014CE87 /* DebugViewController.m in Sources */ = {isa = PBXBuildFile; fileRef = B2CAE5C81D9E92980014CE87 /* DebugViewController.m */; };
		B2CAE5CB1D9E92980014CE87 /* DebugViewController.xib in Resources */ = {isa = PBXBuildFile; fileRef = B2CAE5C91D9E92980014CE87 /* DebugViewController.xib */; };
		B2CAE5CE1D9E9D5A0014CE87 /* LoggerClient.m in Sources */ = {isa = PBXBuildFile; fileRef = B2CAE5CD1D9E9D5A0014CE87 /* LoggerClient.m */; };
/* End PBXBuildFile section */

/* Begin PBXContainerItemProxy section */
		B2CAE5AB1D9E915B0014CE87 /* PBXContainerItemProxy */ = {
			isa = PBXContainerItemProxy;
			containerPortal = B2CAE5891D9E915B0014CE87 /* Project object */;
			proxyType = 1;
			remoteGlobalIDString = B2CAE5901D9E915B0014CE87;
			remoteInfo = LoggerClient;
		};
		B2CAE5B61D9E915B0014CE87 /* PBXContainerItemProxy */ = {
			isa = PBXContainerItemProxy;
			containerPortal = B2CAE5891D9E915B0014CE87 /* Project object */;
			proxyType = 1;
			remoteGlobalIDString = B2CAE5901D9E915B0014CE87;
			remoteInfo = LoggerClient;
		};
/* End PBXContainerItemProxy section */

/* Begin PBXFileReference section */
		A61F825F1DB5D5C3003C3E48 /* Default-568h@2x.png */ = {isa = PBXFileReference; lastKnownFileType = image.png; path = "Default-568h@2x.png"; sourceTree = "<group>"; };
		A61F82631DB5D5D5003C3E48 /* CocoaAsyncSocket.h */ = {isa = PBXFileReference; fileEncoding = 4; lastKnownFileType = sourcecode.c.h; path = CocoaAsyncSocket.h; sourceTree = "<group>"; };
		A61F82651DB5D5D5003C3E48 /* GCDAsyncSocket.h */ = {isa = PBXFileReference; fileEncoding = 4; lastKnownFileType = sourcecode.c.h; path = GCDAsyncSocket.h; sourceTree = "<group>"; };
		A61F82661DB5D5D5003C3E48 /* GCDAsyncSocket.m */ = {isa = PBXFileReference; fileEncoding = 4; lastKnownFileType = sourcecode.c.objc; path = GCDAsyncSocket.m; sourceTree = "<group>"; };
		A61F82671DB5D5D5003C3E48 /* GCDAsyncUdpSocket.h */ = {isa = PBXFileReference; fileEncoding = 4; lastKnownFileType = sourcecode.c.h; path = GCDAsyncUdpSocket.h; sourceTree = "<group>"; };
		A61F82681DB5D5D5003C3E48 /* GCDAsyncUdpSocket.m */ = {isa = PBXFileReference; fileEncoding = 4; lastKnownFileType = sourcecode.c.objc; path = GCDAsyncUdpSocket.m; sourceTree = "<group>"; };
		A61F826A1DB5D5D5003C3E48 /* AsyncSocket.h */ = {isa = PBXFileReference; fileEncoding = 4; lastKnownFileType = sourcecode.c.h; path = AsyncSocket.h; sourceTree = "<group>"; };
		A61F826B1DB5D5D5003C3E48 /* AsyncSocket.m */ = {isa = PBXFileReference; fileEncoding = 4; lastKnownFileType = sourcecode.c.objc; path = AsyncSocket.m; sourceTree = "<group>"; };
		A61F826C1DB5D5D5003C3E48 /* AsyncUdpSocket.h */ = {isa = PBXFileReference; fileEncoding = 4; lastKnownFileType = sourcecode.c.h; path = AsyncUdpSocket.h; sourceTree = "<group>"; };
		A61F826D1DB5D5D5003C3E48 /* AsyncUdpSocket.m */ = {isa = PBXFileReference; fileEncoding = 4; lastKnownFileType = sourcecode.c.objc; path = AsyncUdpSocket.m; sourceTree = "<group>"; };
		B2CAE5911D9E915B0014CE87 /* LoggerClient.app */ = {isa = PBXFileReference; explicitFileType = wrapper.application; includeInIndex = 0; path = LoggerClient.app; sourceTree = BUILT_PRODUCTS_DIR; };
		B2CAE5951D9E915B0014CE87 /* main.m */ = {isa = PBXFileReference; lastKnownFileType = sourcecode.c.objc; path = main.m; sourceTree = "<group>"; };
		B2CAE5971D9E915B0014CE87 /* AppDelegate.h */ = {isa = PBXFileReference; lastKnownFileType = sourcecode.c.h; path = AppDelegate.h; sourceTree = "<group>"; };
		B2CAE5981D9E915B0014CE87 /* AppDelegate.m */ = {isa = PBXFileReference; lastKnownFileType = sourcecode.c.objc; path = AppDelegate.m; sourceTree = "<group>"; };
		B2CAE59A1D9E915B0014CE87 /* ViewController.h */ = {isa = PBXFileReference; lastKnownFileType = sourcecode.c.h; path = ViewController.h; sourceTree = "<group>"; };
		B2CAE59B1D9E915B0014CE87 /* ViewController.m */ = {isa = PBXFileReference; lastKnownFileType = sourcecode.c.objc; path = ViewController.m; sourceTree = "<group>"; };
		B2CAE59E1D9E915B0014CE87 /* Base */ = {isa = PBXFileReference; lastKnownFileType = file.storyboard; name = Base; path = Base.lproj/Main.storyboard; sourceTree = "<group>"; };
		B2CAE5A01D9E915B0014CE87 /* Assets.xcassets */ = {isa = PBXFileReference; lastKnownFileType = folder.assetcatalog; path = Assets.xcassets; sourceTree = "<group>"; };
		B2CAE5A31D9E915B0014CE87 /* Base */ = {isa = PBXFileReference; lastKnownFileType = file.storyboard; name = Base; path = Base.lproj/LaunchScreen.storyboard; sourceTree = "<group>"; };
		B2CAE5A51D9E915B0014CE87 /* Info.plist */ = {isa = PBXFileReference; lastKnownFileType = text.plist.xml; path = Info.plist; sourceTree = "<group>"; };
		B2CAE5AA1D9E915B0014CE87 /* LoggerClientTests.xctest */ = {isa = PBXFileReference; explicitFileType = wrapper.cfbundle; includeInIndex = 0; path = LoggerClientTests.xctest; sourceTree = BUILT_PRODUCTS_DIR; };
		B2CAE5AE1D9E915B0014CE87 /* LoggerClientTests.m */ = {isa = PBXFileReference; lastKnownFileType = sourcecode.c.objc; path = LoggerClientTests.m; sourceTree = "<group>"; };
		B2CAE5B01D9E915B0014CE87 /* Info.plist */ = {isa = PBXFileReference; lastKnownFileType = text.plist.xml; path = Info.plist; sourceTree = "<group>"; };
		B2CAE5B51D9E915B0014CE87 /* LoggerClientUITests.xctest */ = {isa = PBXFileReference; explicitFileType = wrapper.cfbundle; includeInIndex = 0; path = LoggerClientUITests.xctest; sourceTree = BUILT_PRODUCTS_DIR; };
		B2CAE5B91D9E915B0014CE87 /* LoggerClientUITests.m */ = {isa = PBXFileReference; lastKnownFileType = sourcecode.c.objc; path = LoggerClientUITests.m; sourceTree = "<group>"; };
		B2CAE5BB1D9E915B0014CE87 /* Info.plist */ = {isa = PBXFileReference; lastKnownFileType = text.plist.xml; path = Info.plist; sourceTree = "<group>"; };
		B2CAE5C71D9E92980014CE87 /* DebugViewController.h */ = {isa = PBXFileReference; fileEncoding = 4; lastKnownFileType = sourcecode.c.h; path = DebugViewController.h; sourceTree = "<group>"; };
		B2CAE5C81D9E92980014CE87 /* DebugViewController.m */ = {isa = PBXFileReference; fileEncoding = 4; lastKnownFileType = sourcecode.c.objc; path = DebugViewController.m; sourceTree = "<group>"; };
		B2CAE5C91D9E92980014CE87 /* DebugViewController.xib */ = {isa = PBXFileReference; fileEncoding = 4; lastKnownFileType = file.xib; path = DebugViewController.xib; sourceTree = "<group>"; };
		B2CAE5CC1D9E9D5A0014CE87 /* LoggerClient.h */ = {isa = PBXFileReference; fileEncoding = 4; lastKnownFileType = sourcecode.c.h; path = LoggerClient.h; sourceTree = "<group>"; };
		B2CAE5CD1D9E9D5A0014CE87 /* LoggerClient.m */ = {isa = PBXFileReference; fileEncoding = 4; lastKnownFileType = sourcecode.c.objc; path = LoggerClient.m; sourceTree = "<group>"; };
/* End PBXFileReference section */

/* Begin PBXFrameworksBuildPhase section */
		B2CAE58E1D9E915B0014CE87 /* Frameworks */ = {
			isa = PBXFrameworksBuildPhase;
			buildActionMask = 2147483647;
			files = (
			);
			runOnlyForDeploymentPostprocessing = 0;
		};
		B2CAE5A71D9E915B0014CE87 /* Frameworks */ = {
			isa = PBXFrameworksBuildPhase;
			buildActionMask = 2147483647;
			files = (
			);
			runOnlyForDeploymentPostprocessing = 0;
		};
		B2CAE5B21D9E915B0014CE87 /* Frameworks */ = {
			isa = PBXFrameworksBuildPhase;
			buildActionMask = 2147483647;
			files = (
			);
			runOnlyForDeploymentPostprocessing = 0;
		};
/* End PBXFrameworksBuildPhase section */

/* Begin PBXGroup section */
		A61F82611DB5D5D5003C3E48 /* import */ = {
			isa = PBXGroup;
			children = (
				A61F82621DB5D5D5003C3E48 /* CocoaAsyncSocket */,
			);
			name = import;
			path = ../import;
			sourceTree = "<group>";
		};
		A61F82621DB5D5D5003C3E48 /* CocoaAsyncSocket */ = {
			isa = PBXGroup;
			children = (
				A61F82631DB5D5D5003C3E48 /* CocoaAsyncSocket.h */,
				A61F82641DB5D5D5003C3E48 /* GCD */,
				A61F82691DB5D5D5003C3E48 /* RunLoop */,
			);
			path = CocoaAsyncSocket;
			sourceTree = "<group>";
		};
		A61F82641DB5D5D5003C3E48 /* GCD */ = {
			isa = PBXGroup;
			children = (
				A61F82651DB5D5D5003C3E48 /* GCDAsyncSocket.h */,
				A61F82661DB5D5D5003C3E48 /* GCDAsyncSocket.m */,
				A61F82671DB5D5D5003C3E48 /* GCDAsyncUdpSocket.h */,
				A61F82681DB5D5D5003C3E48 /* GCDAsyncUdpSocket.m */,
			);
			path = GCD;
			sourceTree = "<group>";
		};
		A61F82691DB5D5D5003C3E48 /* RunLoop */ = {
			isa = PBXGroup;
			children = (
				A61F826A1DB5D5D5003C3E48 /* AsyncSocket.h */,
				A61F826B1DB5D5D5003C3E48 /* AsyncSocket.m */,
				A61F826C1DB5D5D5003C3E48 /* AsyncUdpSocket.h */,
				A61F826D1DB5D5D5003C3E48 /* AsyncUdpSocket.m */,
			);
			path = RunLoop;
			sourceTree = "<group>";
		};
		B2CAE5881D9E915B0014CE87 = {
			isa = PBXGroup;
			children = (
				A61F82611DB5D5D5003C3E48 /* import */,
				B2CAE5931D9E915B0014CE87 /* LoggerClient */,
				B2CAE5AD1D9E915B0014CE87 /* LoggerClientTests */,
				B2CAE5B81D9E915B0014CE87 /* LoggerClientUITests */,
				B2CAE5921D9E915B0014CE87 /* Products */,
			);
			sourceTree = "<group>";
		};
		B2CAE5921D9E915B0014CE87 /* Products */ = {
			isa = PBXGroup;
			children = (
				B2CAE5911D9E915B0014CE87 /* LoggerClient.app */,
				B2CAE5AA1D9E915B0014CE87 /* LoggerClientTests.xctest */,
				B2CAE5B51D9E915B0014CE87 /* LoggerClientUITests.xctest */,
			);
			name = Products;
			sourceTree = "<group>";
		};
		B2CAE5931D9E915B0014CE87 /* LoggerClient */ = {
			isa = PBXGroup;
			children = (
				A61F825F1DB5D5C3003C3E48 /* Default-568h@2x.png */,
				B2CAE5971D9E915B0014CE87 /* AppDelegate.h */,
				B2CAE5981D9E915B0014CE87 /* AppDelegate.m */,
				B2CAE59A1D9E915B0014CE87 /* ViewController.h */,
				B2CAE59B1D9E915B0014CE87 /* ViewController.m */,
				B2CAE59D1D9E915B0014CE87 /* Main.storyboard */,
				B2CAE5A01D9E915B0014CE87 /* Assets.xcassets */,
				B2CAE5A21D9E915B0014CE87 /* LaunchScreen.storyboard */,
				B2CAE5A51D9E915B0014CE87 /* Info.plist */,
				B2CAE5941D9E915B0014CE87 /* Supporting Files */,
				B2CAE5C71D9E92980014CE87 /* DebugViewController.h */,
				B2CAE5C81D9E92980014CE87 /* DebugViewController.m */,
				B2CAE5C91D9E92980014CE87 /* DebugViewController.xib */,
				B2CAE5CC1D9E9D5A0014CE87 /* LoggerClient.h */,
				B2CAE5CD1D9E9D5A0014CE87 /* LoggerClient.m */,
			);
			name = LoggerClient;
			path = ../src/LoggerClient;
			sourceTree = "<group>";
		};
		B2CAE5941D9E915B0014CE87 /* Supporting Files */ = {
			isa = PBXGroup;
			children = (
				B2CAE5951D9E915B0014CE87 /* main.m */,
			);
			name = "Supporting Files";
			sourceTree = "<group>";
		};
		B2CAE5AD1D9E915B0014CE87 /* LoggerClientTests */ = {
			isa = PBXGroup;
			children = (
				B2CAE5AE1D9E915B0014CE87 /* LoggerClientTests.m */,
				B2CAE5B01D9E915B0014CE87 /* Info.plist */,
			);
			path = LoggerClientTests;
			sourceTree = "<group>";
		};
		B2CAE5B81D9E915B0014CE87 /* LoggerClientUITests */ = {
			isa = PBXGroup;
			children = (
				B2CAE5B91D9E915B0014CE87 /* LoggerClientUITests.m */,
				B2CAE5BB1D9E915B0014CE87 /* Info.plist */,
			);
			path = LoggerClientUITests;
			sourceTree = "<group>";
		};
/* End PBXGroup section */

/* Begin PBXNativeTarget section */
		B2CAE5901D9E915B0014CE87 /* LoggerClient */ = {
			isa = PBXNativeTarget;
			buildConfigurationList = B2CAE5BE1D9E915B0014CE87 /* Build configuration list for PBXNativeTarget "LoggerClient" */;
			buildPhases = (
				B2CAE58D1D9E915B0014CE87 /* Sources */,
				B2CAE58E1D9E915B0014CE87 /* Frameworks */,
				B2CAE58F1D9E915B0014CE87 /* Resources */,
			);
			buildRules = (
			);
			dependencies = (
			);
			name = LoggerClient;
			productName = LoggerClient;
			productReference = B2CAE5911D9E915B0014CE87 /* LoggerClient.app */;
			productType = "com.apple.product-type.application";
		};
		B2CAE5A91D9E915B0014CE87 /* LoggerClientTests */ = {
			isa = PBXNativeTarget;
			buildConfigurationList = B2CAE5C11D9E915B0014CE87 /* Build configuration list for PBXNativeTarget "LoggerClientTests" */;
			buildPhases = (
				B2CAE5A61D9E915B0014CE87 /* Sources */,
				B2CAE5A71D9E915B0014CE87 /* Frameworks */,
				B2CAE5A81D9E915B0014CE87 /* Resources */,
			);
			buildRules = (
			);
			dependencies = (
				B2CAE5AC1D9E915B0014CE87 /* PBXTargetDependency */,
			);
			name = LoggerClientTests;
			productName = LoggerClientTests;
			productReference = B2CAE5AA1D9E915B0014CE87 /* LoggerClientTests.xctest */;
			productType = "com.apple.product-type.bundle.unit-test";
		};
		B2CAE5B41D9E915B0014CE87 /* LoggerClientUITests */ = {
			isa = PBXNativeTarget;
			buildConfigurationList = B2CAE5C41D9E915B0014CE87 /* Build configuration list for PBXNativeTarget "LoggerClientUITests" */;
			buildPhases = (
				B2CAE5B11D9E915B0014CE87 /* Sources */,
				B2CAE5B21D9E915B0014CE87 /* Frameworks */,
				B2CAE5B31D9E915B0014CE87 /* Resources */,
			);
			buildRules = (
			);
			dependencies = (
				B2CAE5B71D9E915B0014CE87 /* PBXTargetDependency */,
			);
			name = LoggerClientUITests;
			productName = LoggerClientUITests;
			productReference = B2CAE5B51D9E915B0014CE87 /* LoggerClientUITests.xctest */;
			productType = "com.apple.product-type.bundle.ui-testing";
		};
/* End PBXNativeTarget section */

/* Begin PBXProject section */
		B2CAE5891D9E915B0014CE87 /* Project object */ = {
			isa = PBXProject;
			attributes = {
				LastUpgradeCheck = 0730;
				ORGANIZATIONNAME = ccnyou;
				TargetAttributes = {
					B2CAE5901D9E915B0014CE87 = {
						CreatedOnToolsVersion = 7.3.1;
					};
					B2CAE5A91D9E915B0014CE87 = {
						CreatedOnToolsVersion = 7.3.1;
						TestTargetID = B2CAE5901D9E915B0014CE87;
					};
					B2CAE5B41D9E915B0014CE87 = {
						CreatedOnToolsVersion = 7.3.1;
						TestTargetID = B2CAE5901D9E915B0014CE87;
					};
				};
			};
			buildConfigurationList = B2CAE58C1D9E915B0014CE87 /* Build configuration list for PBXProject "LoggerClient" */;
			compatibilityVersion = "Xcode 3.2";
			developmentRegion = English;
			hasScannedForEncodings = 0;
			knownRegions = (
				en,
				Base,
			);
			mainGroup = B2CAE5881D9E915B0014CE87;
			productRefGroup = B2CAE5921D9E915B0014CE87 /* Products */;
			projectDirPath = "";
			projectRoot = "";
			targets = (
				B2CAE5901D9E915B0014CE87 /* LoggerClient */,
				B2CAE5A91D9E915B0014CE87 /* LoggerClientTests */,
				B2CAE5B41D9E915B0014CE87 /* LoggerClientUITests */,
			);
		};
/* End PBXProject section */

/* Begin PBXResourcesBuildPhase section */
		B2CAE58F1D9E915B0014CE87 /* Resources */ = {
			isa = PBXResourcesBuildPhase;
			buildActionMask = 2147483647;
			files = (
				B2CAE5A41D9E915B0014CE87 /* LaunchScreen.storyboard in Resources */,
				B2CAE5A11D9E915B0014CE87 /* Assets.xcassets in Resources */,
				B2CAE5CB1D9E92980014CE87 /* DebugViewController.xib in Resources */,
				A61F82601DB5D5C4003C3E48 /* Default-568h@2x.png in Resources */,
				B2CAE59F1D9E915B0014CE87 /* Main.storyboard in Resources */,
			);
			runOnlyForDeploymentPostprocessing = 0;
		};
		B2CAE5A81D9E915B0014CE87 /* Resources */ = {
			isa = PBXResourcesBuildPhase;
			buildActionMask = 2147483647;
			files = (
			);
			runOnlyForDeploymentPostprocessing = 0;
		};
		B2CAE5B31D9E915B0014CE87 /* Resources */ = {
			isa = PBXResourcesBuildPhase;
			buildActionMask = 2147483647;
			files = (
			);
			runOnlyForDeploymentPostprocessing = 0;
		};
/* End PBXResourcesBuildPhase section */

/* Begin PBXSourcesBuildPhase section */
		B2CAE58D1D9E915B0014CE87 /* Sources */ = {
			isa = PBXSourcesBuildPhase;
			buildActionMask = 2147483647;
			files = (
				A61F826E1DB5D5D5003C3E48 /* GCDAsyncSocket.m in Sources */,
				B2CAE59C1D9E915B0014CE87 /* ViewController.m in Sources */,
				B2CAE5991D9E915B0014CE87 /* AppDelegate.m in Sources */,
				A61F82711DB5D5D5003C3E48 /* AsyncUdpSocket.m in Sources */,
				B2CAE5CA1D9E92980014CE87 /* DebugViewController.m in Sources */,
				A61F826F1DB5D5D5003C3E48 /* GCDAsyncUdpSocket.m in Sources */,
				B2CAE5961D9E915B0014CE87 /* main.m in Sources */,
				B2CAE5CE1D9E9D5A0014CE87 /* LoggerClient.m in Sources */,
				A61F82701DB5D5D5003C3E48 /* AsyncSocket.m in Sources */,
			);
			runOnlyForDeploymentPostprocessing = 0;
		};
		B2CAE5A61D9E915B0014CE87 /* Sources */ = {
			isa = PBXSourcesBuildPhase;
			buildActionMask = 2147483647;
			files = (
				B2CAE5AF1D9E915B0014CE87 /* LoggerClientTests.m in Sources */,
			);
			runOnlyForDeploymentPostprocessing = 0;
		};
		B2CAE5B11D9E915B0014CE87 /* Sources */ = {
			isa = PBXSourcesBuildPhase;
			buildActionMask = 2147483647;
			files = (
				B2CAE5BA1D9E915B0014CE87 /* LoggerClientUITests.m in Sources */,
			);
			runOnlyForDeploymentPostprocessing = 0;
		};
/* End PBXSourcesBuildPhase section */

/* Begin PBXTargetDependency section */
		B2CAE5AC1D9E915B0014CE87 /* PBXTargetDependency */ = {
			isa = PBXTargetDependency;
			target = B2CAE5901D9E915B0014CE87 /* LoggerClient */;
			targetProxy = B2CAE5AB1D9E915B0014CE87 /* PBXContainerItemProxy */;
		};
		B2CAE5B71D9E915B0014CE87 /* PBXTargetDependency */ = {
			isa = PBXTargetDependency;
			target = B2CAE5901D9E915B0014CE87 /* LoggerClient */;
			targetProxy = B2CAE5B61D9E915B0014CE87 /* PBXContainerItemProxy */;
		};
/* End PBXTargetDependency section */

/* Begin PBXVariantGroup section */
		B2CAE59D1D9E915B0014CE87 /* Main.storyboard */ = {
			isa = PBXVariantGroup;
			children = (
				B2CAE59E1D9E915B0014CE87 /* Base */,
			);
			name = Main.storyboard;
			sourceTree = "<group>";
		};
		B2CAE5A21D9E915B0014CE87 /* LaunchScreen.storyboard */ = {
			isa = PBXVariantGroup;
			children = (
				B2CAE5A31D9E915B0014CE87 /* Base */,
			);
			name = LaunchScreen.storyboard;
			sourceTree = "<group>";
		};
/* End PBXVariantGroup section */

/* Begin XCBuildConfiguration section */
		B2CAE5BC1D9E915B0014CE87 /* Debug */ = {
			isa = XCBuildConfiguration;
			buildSettings = {
				ALWAYS_SEARCH_USER_PATHS = NO;
				CLANG_ANALYZER_NONNULL = YES;
				CLANG_CXX_LANGUAGE_STANDARD = "gnu++0x";
				CLANG_CXX_LIBRARY = "libc++";
				CLANG_ENABLE_MODULES = YES;
				CLANG_ENABLE_OBJC_ARC = YES;
				CLANG_WARN_BOOL_CONVERSION = YES;
				CLANG_WARN_CONSTANT_CONVERSION = YES;
				CLANG_WARN_DIRECT_OBJC_ISA_USAGE = YES_ERROR;
				CLANG_WARN_EMPTY_BODY = YES;
				CLANG_WARN_ENUM_CONVERSION = YES;
				CLANG_WARN_INT_CONVERSION = YES;
				CLANG_WARN_OBJC_ROOT_CLASS = YES_ERROR;
				CLANG_WARN_UNREACHABLE_CODE = YES;
				CLANG_WARN__DUPLICATE_METHOD_MATCH = YES;
				"CODE_SIGN_IDENTITY[sdk=iphoneos*]" = "iPhone Developer";
				COPY_PHASE_STRIP = NO;
				DEBUG_INFORMATION_FORMAT = dwarf;
				ENABLE_STRICT_OBJC_MSGSEND = YES;
				ENABLE_TESTABILITY = YES;
				GCC_C_LANGUAGE_STANDARD = gnu99;
				GCC_DYNAMIC_NO_PIC = NO;
				GCC_NO_COMMON_BLOCKS = YES;
				GCC_OPTIMIZATION_LEVEL = 0;
				GCC_PREPROCESSOR_DEFINITIONS = (
					"DEBUG=1",
					"$(inherited)",
				);
				GCC_WARN_64_TO_32_BIT_CONVERSION = YES;
				GCC_WARN_ABOUT_RETURN_TYPE = YES_ERROR;
				GCC_WARN_UNDECLARED_SELECTOR = YES;
				GCC_WARN_UNINITIALIZED_AUTOS = YES_AGGRESSIVE;
				GCC_WARN_UNUSED_FUNCTION = YES;
				GCC_WARN_UNUSED_VARIABLE = YES;
				IPHONEOS_DEPLOYMENT_TARGET = 9.3;
				MTL_ENABLE_DEBUG_INFO = YES;
				ONLY_ACTIVE_ARCH = YES;
				SDKROOT = iphoneos;
			};
			name = Debug;
		};
		B2CAE5BD1D9E915B0014CE87 /* Release */ = {
			isa = XCBuildConfiguration;
			buildSettings = {
				ALWAYS_SEARCH_USER_PATHS = NO;
				CLANG_ANALYZER_NONNULL = YES;
				CLANG_CXX_LANGUAGE_STANDARD = "gnu++0x";
				CLANG_CXX_LIBRARY = "libc++";
				CLANG_ENABLE_MODULES = YES;
				CLANG_ENABLE_OBJC_ARC = YES;
				CLANG_WARN_BOOL_CONVERSION = YES;
				CLANG_WARN_CONSTANT_CONVERSION = YES;
				CLANG_WARN_DIRECT_OBJC_ISA_USAGE = YES_ERROR;
				CLANG_WARN_EMPTY_BODY = YES;
				CLANG_WARN_ENUM_CONVERSION = YES;
				CLANG_WARN_INT_CONVERSION = YES;
				CLANG_WARN_OBJC_ROOT_CLASS = YES_ERROR;
				CLANG_WARN_UNREACHABLE_CODE = YES;
				CLANG_WARN__DUPLICATE_METHOD_MATCH = YES;
				"CODE_SIGN_IDENTITY[sdk=iphoneos*]" = "iPhone Developer";
				COPY_PHASE_STRIP = NO;
				DEBUG_INFORMATION_FORMAT = "dwarf-with-dsym";
				ENABLE_NS_ASSERTIONS = NO;
				ENABLE_STRICT_OBJC_MSGSEND = YES;
				GCC_C_LANGUAGE_STANDARD = gnu99;
				GCC_NO_COMMON_BLOCKS = YES;
				GCC_WARN_64_TO_32_BIT_CONVERSION = YES;
				GCC_WARN_ABOUT_RETURN_TYPE = YES_ERROR;
				GCC_WARN_UNDECLARED_SELECTOR = YES;
				GCC_WARN_UNINITIALIZED_AUTOS = YES_AGGRESSIVE;
				GCC_WARN_UNUSED_FUNCTION = YES;
				GCC_WARN_UNUSED_VARIABLE = YES;
				IPHONEOS_DEPLOYMENT_TARGET = 9.3;
				MTL_ENABLE_DEBUG_INFO = NO;
				SDKROOT = iphoneos;
				VALIDATE_PRODUCT = YES;
			};
			name = Release;
		};
		B2CAE5BF1D9E915B0014CE87 /* Debug */ = {
			isa = XCBuildConfiguration;
			buildSettings = {
				ASSETCATALOG_COMPILER_APPICON_NAME = AppIcon;
				INFOPLIST_FILE = "$(SRCROOT)/../src/LoggerClient/Info.plist";
				IPHONEOS_DEPLOYMENT_TARGET = 8.0;
				LD_RUNPATH_SEARCH_PATHS = "$(inherited) @executable_path/Frameworks";
				PRODUCT_BUNDLE_IDENTIFIER = com.ccnyou.LoggerClient;
				PRODUCT_NAME = "$(TARGET_NAME)";
			};
			name = Debug;
		};
		B2CAE5C01D9E915B0014CE87 /* Release */ = {
			isa = XCBuildConfiguration;
			buildSettings = {
				ASSETCATALOG_COMPILER_APPICON_NAME = AppIcon;
				INFOPLIST_FILE = "$(SRCROOT)/../src/LoggerClient/Info.plist";
				IPHONEOS_DEPLOYMENT_TARGET = 8.0;
				LD_RUNPATH_SEARCH_PATHS = "$(inherited) @executable_path/Frameworks";
				PRODUCT_BUNDLE_IDENTIFIER = com.ccnyou.LoggerClient;
				PRODUCT_NAME = "$(TARGET_NAME)";
			};
			name = Release;
		};
		B2CAE5C21D9E915B0014CE87 /* Debug */ = {
			isa = XCBuildConfiguration;
			buildSettings = {
				BUNDLE_LOADER = "$(TEST_HOST)";
				INFOPLIST_FILE = LoggerClientTests/Info.plist;
				LD_RUNPATH_SEARCH_PATHS = "$(inherited) @executable_path/Frameworks @loader_path/Frameworks";
				PRODUCT_BUNDLE_IDENTIFIER = com.ccnyou.LoggerClientTests;
				PRODUCT_NAME = "$(TARGET_NAME)";
				TEST_HOST = "$(BUILT_PRODUCTS_DIR)/LoggerClient.app/LoggerClient";
			};
			name = Debug;
		};
		B2CAE5C31D9E915B0014CE87 /* Release */ = {
			isa = XCBuildConfiguration;
			buildSettings = {
				BUNDLE_LOADER = "$(TEST_HOST)";
				INFOPLIST_FILE = LoggerClientTests/Info.plist;
				LD_RUNPATH_SEARCH_PATHS = "$(inherited) @executable_path/Frameworks @loader_path/Frameworks";
				PRODUCT_BUNDLE_IDENTIFIER = com.ccnyou.LoggerClientTests;
				PRODUCT_NAME = "$(TARGET_NAME)";
				TEST_HOST = "$(BUILT_PRODUCTS_DIR)/LoggerClient.app/LoggerClient";
			};
			name = Release;
		};
		B2CAE5C51D9E915B0014CE87 /* Debug */ = {
			isa = XCBuildConfiguration;
			buildSettings = {
				INFOPLIST_FILE = LoggerClientUITests/Info.plist;
				LD_RUNPATH_SEARCH_PATHS = "$(inherited) @executable_path/Frameworks @loader_path/Frameworks";
				PRODUCT_BUNDLE_IDENTIFIER = com.ccnyou.LoggerClientUITests;
				PRODUCT_NAME = "$(TARGET_NAME)";
				TEST_TARGET_NAME = LoggerClient;
			};
			name = Debug;
		};
		B2CAE5C61D9E915B0014CE87 /* Release */ = {
			isa = XCBuildConfiguration;
			buildSettings = {
				INFOPLIST_FILE = LoggerClientUITests/Info.plist;
				LD_RUNPATH_SEARCH_PATHS = "$(inherited) @executable_path/Frameworks @loader_path/Frameworks";
				PRODUCT_BUNDLE_IDENTIFIER = com.ccnyou.LoggerClientUITests;
				PRODUCT_NAME = "$(TARGET_NAME)";
				TEST_TARGET_NAME = LoggerClient;
			};
			name = Release;
		};
/* End XCBuildConfiguration section */

/* Begin XCConfigurationList section */
		B2CAE58C1D9E915B0014CE87 /* Build configuration list for PBXProject "LoggerClient" */ = {
			isa = XCConfigurationList;
			buildConfigurations = (
				B2CAE5BC1D9E915B0014CE87 /* Debug */,
				B2CAE5BD1D9E915B0014CE87 /* Release */,
			);
			defaultConfigurationIsVisible = 0;
			defaultConfigurationName = Release;
		};
		B2CAE5BE1D9E915B0014CE87 /* Build configuration list for PBXNativeTarget "LoggerClient" */ = {
			isa = XCConfigurationList;
			buildConfigurations = (
				B2CAE5BF1D9E915B0014CE87 /* Debug */,
				B2CAE5C01D9E915B0014CE87 /* Release */,
			);
			defaultConfigurationIsVisible = 0;
			defaultConfigurationName = Release;
		};
		B2CAE5C11D9E915B0014CE87 /* Build configuration list for PBXNativeTarget "LoggerClientTests" */ = {
			isa = XCConfigurationList;
			buildConfigurations = (
				B2CAE5C21D9E915B0014CE87 /* Debug */,
				B2CAE5C31D9E915B0014CE87 /* Release */,
			);
			defaultConfigurationIsVisible = 0;
			defaultConfigurationName = Release;
		};
		B2CAE5C41D9E915B0014CE87 /* Build configuration list for PBXNativeTarget "LoggerClientUITests" */ = {
			isa = XCConfigurationList;
			buildConfigurations = (
				B2CAE5C51D9E915B0014CE87 /* Debug */,
				B2CAE5C61D9E915B0014CE87 /* Release */,
			);
			defaultConfigurationIsVisible = 0;
			defaultConfigurationName = Release;
		};
/* End XCConfigurationList section */
	};
	rootObject = B2CAE5891D9E915B0014CE87 /* Project object */;
}
